
Microsoft Visual Studio Solution File, Format Version 12.00
# Visual Studio Version 17
VisualStudioVersion = 17.0.31903.59
MinimumVisualStudioVersion = 10.0.40219.1
Project("{FAE04EC0-301F-11D3-BF4B-00C04F79EFBC}") = "BudgetControl", "BudgetControl.csproj", "{533410DA-8FA2-4ABD-A690-99443B709593}"
EndProject
Project("{FAE04EC0-301F-11D3-BF4B-00C04F79EFBC}") = "BudgetControl.Tests", "..\BudgetControl.Tests\BudgetControl.Tests.csproj", "{C98CAE66-D5F5-4232-9BC4-B6DB1635E37F}"
EndProject
Global
	GlobalSection(SolutionConfigurationPlatforms) = preSolution
		Debug|Any CPU = Debug|Any CPU
		Debug|x64 = Debug|x64
		Debug|x86 = Debug|x86
		Release|Any CPU = Release|Any CPU
		Release|x64 = Release|x64
		Release|x86 = Release|x86
	EndGlobalSection
	GlobalSection(ProjectConfigurationPlatforms) = postSolution
		{533410DA-8FA2-4ABD-A690-99443B709593}.Debug|Any CPU.ActiveCfg = Debug|Any CPU
		{533410DA-8FA2-4ABD-A690-99443B709593}.Debug|Any CPU.Build.0 = Debug|Any CPU
		{533410DA-8FA2-4ABD-A690-99443B709593}.Debug|x64.ActiveCfg = Debug|Any CPU
		{533410DA-8FA2-4ABD-A690-99443B709593}.Debug|x64.Build.0 = Debug|Any CPU
		{533410DA-8FA2-4ABD-A690-99443B709593}.Debug|x86.ActiveCfg = Debug|Any CPU
		{533410DA-8FA2-4ABD-A690-99443B709593}.Debug|x86.Build.0 = Debug|Any CPU
		{533410DA-8FA2-4ABD-A690-99443B709593}.Release|Any CPU.ActiveCfg = Release|Any CPU
		{533410DA-8FA2-4ABD-A690-99443B709593}.Release|Any CPU.Build.0 = Release|Any CPU
		{533410DA-8FA2-4ABD-A690-99443B709593}.Release|x64.ActiveCfg = Release|Any CPU
		{533410DA-8FA2-4ABD-A690-99443B709593}.Release|x64.Build.0 = Release|Any CPU
		{533410DA-8FA2-4ABD-A690-99443B709593}.Release|x86.ActiveCfg = Release|Any CPU
		{533410DA-8FA2-4ABD-A690-99443B709593}.Release|x86.Build.0 = Release|Any CPU
		{C98CAE66-D5F5-4232-9BC4-B6DB1635E37F}.Debug|Any CPU.ActiveCfg = Debug|Any CPU
		{C98CAE66-D5F5-4232-9BC4-B6DB1635E37F}.Debug|Any CPU.Build.0 = Debug|Any CPU
		{C98CAE66-D5F5-4232-9BC4-B6DB1635E37F}.Debug|x64.ActiveCfg = Debug|Any CPU
		{C98CAE66-D5F5-4232-9BC4-B6DB1635E37F}.Debug|x64.Build.0 = Debug|Any CPU
		{C98CAE66-D5F5-4232-9BC4-B6DB1635E37F}.Debug|x86.ActiveCfg = Debug|Any CPU
		{C98CAE66-D5F5-4232-9BC4-B6DB1635E37F}.Debug|x86.Build.0 = Debug|Any CPU
		{C98CAE66-D5F5-4232-9BC4-B6DB1635E37F}.Release|Any CPU.ActiveCfg = Release|Any CPU
		{C98CAE66-D5F5-4232-9BC4-B6DB1635E37F}.Release|Any CPU.Build.0 = Release|Any CPU
		{C98CAE66-D5F5-4232-9BC4-B6DB1635E37F}.Release|x64.ActiveCfg = Release|Any CPU
		{C98CAE66-D5F5-4232-9BC4-B6DB1635E37F}.Release|x64.Build.0 = Release|Any CPU
		{C98CAE66-D5F5-4232-9BC4-B6DB1635E37F}.Release|x86.ActiveCfg = Release|Any CPU
		{C98CAE66-D5F5-4232-9BC4-B6DB1635E37F}.Release|x86.Build.0 = Release|Any CPU
	EndGlobalSection
	GlobalSection(SolutionProperties) = preSolution
		HideSolutionNode = FALSE
	EndGlobalSection
EndGlobal
